// !$*UTF8*$!
{
	archiveVersion = 1;
	classes = {
	};
	objectVersion = 77;
	objects = {

/* Begin PBXBuildFile section */
		50EDAFA02CBF58B000F41430 /* DD4Y_SwiftUI.framework in Frameworks */ = {isa = PBXBuildFile; fileRef = 50EDAF952CBF58AF00F41430 /* DD4Y_SwiftUI.framework */; };
/* End PBXBuildFile section */

/* Begin PBXContainerItemProxy section */
		50EDAFA12CBF58B000F41430 /* PBXContainerItemProxy */ = {
			isa = PBXContainerItemProxy;
			containerPortal = 50EDAF8C2CBF58AF00F41430 /* Project object */;
			proxyType = 1;
			remoteGlobalIDString = 50EDAF942CBF58AF00F41430;
			remoteInfo = "DD4Y+SwiftUI";
		};
		50EDAFCA2CBF5F6800F41430 /* PBXContainerItemProxy */ = {
			isa = PBXContainerItemProxy;
			containerPortal = 50EDAF8C2CBF58AF00F41430 /* Project object */;
			proxyType = 1;
			remoteGlobalIDString = 50EDAF942CBF58AF00F41430;
			remoteInfo = "DD4Y+SwiftUI";
		};
/* End PBXContainerItemProxy section */

/* Begin PBXFileReference section */
		50EDAF952CBF58AF00F41430 /* DD4Y_SwiftUI.framework */ = {isa = PBXFileReference; explicitFileType = wrapper.framework; includeInIndex = 0; path = DD4Y_SwiftUI.framework; sourceTree = BUILT_PRODUCTS_DIR; };
		50EDAF9F2CBF58B000F41430 /* DD4Y+SwiftUITests.xctest */ = {isa = PBXFileReference; explicitFileType = wrapper.cfbundle; includeInIndex = 0; path = "DD4Y+SwiftUITests.xctest"; sourceTree = BUILT_PRODUCTS_DIR; };
		50EDAFBC2CBF5E1200F41430 /* DD4Y+SwiftUIApp.app */ = {isa = PBXFileReference; explicitFileType = wrapper.application; includeInIndex = 0; path = "DD4Y+SwiftUIApp.app"; sourceTree = BUILT_PRODUCTS_DIR; };
/* End PBXFileReference section */

/* Begin PBXFileSystemSynchronizedBuildFileExceptionSet section */
		50EDAFA72CBF58B000F41430 /* Exceptions for "DD4Y+SwiftUI" folder in "DD4Y+SwiftUI" target */ = {
			isa = PBXFileSystemSynchronizedBuildFileExceptionSet;
			publicHeaders = (
				DD4Y_SwiftUI.h,
			);
			target = 50EDAF942CBF58AF00F41430 /* DD4Y+SwiftUI */;
		};
/* End PBXFileSystemSynchronizedBuildFileExceptionSet section */

/* Begin PBXFileSystemSynchronizedRootGroup section */
		50EDAF972CBF58AF00F41430 /* DD4Y+SwiftUI */ = {
			isa = PBXFileSystemSynchronizedRootGroup;
			exceptions = (
				50EDAFA72CBF58B000F41430 /* Exceptions for "DD4Y+SwiftUI" folder in "DD4Y+SwiftUI" target */,
			);
			path = "DD4Y+SwiftUI";
			sourceTree = "<group>";
		};
		50EDAFA32CBF58B000F41430 /* DD4Y+SwiftUITests */ = {
			isa = PBXFileSystemSynchronizedRootGroup;
			path = "DD4Y+SwiftUITests";
			sourceTree = "<group>";
		};
		50EDAFBD2CBF5E1200F41430 /* DD4Y+SwiftUIApp */ = {
			isa = PBXFileSystemSynchronizedRootGroup;
			path = "DD4Y+SwiftUIApp";
			sourceTree = "<group>";
		};
/* End PBXFileSystemSynchronizedRootGroup section */

/* Begin PBXFrameworksBuildPhase section */
		50EDAF922CBF58AF00F41430 /* Frameworks */ = {
			isa = PBXFrameworksBuildPhase;
			buildActionMask = 2147483647;
			files = (
			);
			runOnlyForDeploymentPostprocessing = 0;
		};
		50EDAF9C2CBF58B000F41430 /* Frameworks */ = {
			isa = PBXFrameworksBuildPhase;
			buildActionMask = 2147483647;
			files = (
				50EDAFA02CBF58B000F41430 /* DD4Y_SwiftUI.framework in Frameworks */,
			);
			runOnlyForDeploymentPostprocessing = 0;
		};
		50EDAFB92CBF5E1200F41430 /* Frameworks */ = {
			isa = PBXFrameworksBuildPhase;
			buildActionMask = 2147483647;
			files = (
			);
			runOnlyForDeploymentPostprocessing = 0;
		};
/* End PBXFrameworksBuildPhase section */

/* Begin PBXGroup section */
		50EDAF8B2CBF58AF00F41430 = {
			isa = PBXGroup;
			children = (
				50EDAF972CBF58AF00F41430 /* DD4Y+SwiftUI */,
				50EDAFA32CBF58B000F41430 /* DD4Y+SwiftUITests */,
				50EDAFBD2CBF5E1200F41430 /* DD4Y+SwiftUIApp */,
				50EDAF962CBF58AF00F41430 /* Products */,
			);
			sourceTree = "<group>";
		};
		50EDAF962CBF58AF00F41430 /* Products */ = {
			isa = PBXGroup;
			children = (
				50EDAF952CBF58AF00F41430 /* DD4Y_SwiftUI.framework */,
				50EDAF9F2CBF58B000F41430 /* DD4Y+SwiftUITests.xctest */,
				50EDAFBC2CBF5E1200F41430 /* DD4Y+SwiftUIApp.app */,
			);
			name = Products;
			sourceTree = "<group>";
		};
/* End PBXGroup section */

/* Begin PBXHeadersBuildPhase section */
		50EDAF902CBF58AF00F41430 /* Headers */ = {
			isa = PBXHeadersBuildPhase;
			buildActionMask = 2147483647;
			files = (
			);
			runOnlyForDeploymentPostprocessing = 0;
		};
/* End PBXHeadersBuildPhase section */

/* Begin PBXNativeTarget section */
		50EDAF942CBF58AF00F41430 /* DD4Y+SwiftUI */ = {
			isa = PBXNativeTarget;
			buildConfigurationList = 50EDAFA82CBF58B000F41430 /* Build configuration list for PBXNativeTarget "DD4Y+SwiftUI" */;
			buildPhases = (
				50EDAF902CBF58AF00F41430 /* Headers */,
				50EDAF912CBF58AF00F41430 /* Sources */,
				50EDAF922CBF58AF00F41430 /* Frameworks */,
				50EDAF932CBF58AF00F41430 /* Resources */,
			);
			buildRules = (
			);
			dependencies = (
			);
			fileSystemSynchronizedGroups = (
				50EDAF972CBF58AF00F41430 /* DD4Y+SwiftUI */,
			);
			name = "DD4Y+SwiftUI";
			packageProductDependencies = (
			);
			productName = "DD4Y+SwiftUI";
			productReference = 50EDAF952CBF58AF00F41430 /* DD4Y_SwiftUI.framework */;
			productType = "com.apple.product-type.framework";
		};
		50EDAF9E2CBF58B000F41430 /* DD4Y+SwiftUITests */ = {
			isa = PBXNativeTarget;
			buildConfigurationList = 50EDAFAD2CBF58B000F41430 /* Build configuration list for PBXNativeTarget "DD4Y+SwiftUITests" */;
			buildPhases = (
				50EDAF9B2CBF58B000F41430 /* Sources */,
				50EDAF9C2CBF58B000F41430 /* Frameworks */,
				50EDAF9D2CBF58B000F41430 /* Resources */,
			);
			buildRules = (
			);
			dependencies = (
				50EDAFA22CBF58B000F41430 /* PBXTargetDependency */,
			);
			fileSystemSynchronizedGroups = (
				50EDAFA32CBF58B000F41430 /* DD4Y+SwiftUITests */,
			);
			name = "DD4Y+SwiftUITests";
			packageProductDependencies = (
			);
			productName = "DD4Y+SwiftUITests";
			productReference = 50EDAF9F2CBF58B000F41430 /* DD4Y+SwiftUITests.xctest */;
			productType = "com.apple.product-type.bundle.unit-test";
		};
		50EDAFBB2CBF5E1200F41430 /* DD4Y+SwiftUIApp */ = {
			isa = PBXNativeTarget;
			buildConfigurationList = 50EDAFC72CBF5E1400F41430 /* Build configuration list for PBXNativeTarget "DD4Y+SwiftUIApp" */;
			buildPhases = (
				50EDAFB82CBF5E1200F41430 /* Sources */,
				50EDAFB92CBF5E1200F41430 /* Frameworks */,
				50EDAFBA2CBF5E1200F41430 /* Resources */,
			);
			buildRules = (
			);
			dependencies = (
				50EDAFCB2CBF5F6800F41430 /* PBXTargetDependency */,
			);
			fileSystemSynchronizedGroups = (
				50EDAFBD2CBF5E1200F41430 /* DD4Y+SwiftUIApp */,
			);
			name = "DD4Y+SwiftUIApp";
			packageProductDependencies = (
			);
			productName = "DD4Y+SwiftUIApp";
			productReference = 50EDAFBC2CBF5E1200F41430 /* DD4Y+SwiftUIApp.app */;
			productType = "com.apple.product-type.application";
		};
/* End PBXNativeTarget section */

/* Begin PBXProject section */
		50EDAF8C2CBF58AF00F41430 /* Project object */ = {
			isa = PBXProject;
			attributes = {
				BuildIndependentTargetsInParallel = 1;
				LastSwiftUpdateCheck = 1600;
				LastUpgradeCheck = 1600;
				TargetAttributes = {
					50EDAF942CBF58AF00F41430 = {
						CreatedOnToolsVersion = 16.0;
					};
					50EDAF9E2CBF58B000F41430 = {
						CreatedOnToolsVersion = 16.0;
					};
					50EDAFBB2CBF5E1200F41430 = {
						CreatedOnToolsVersion = 16.0;
					};
				};
			};
			buildConfigurationList = 50EDAF8F2CBF58AF00F41430 /* Build configuration list for PBXProject "DD4Y+SwiftUI" */;
			developmentRegion = en;
			hasScannedForEncodings = 0;
			knownRegions = (
				en,
				Base,
			);
			mainGroup = 50EDAF8B2CBF58AF00F41430;
			minimizedProjectReferenceProxies = 1;
			preferredProjectObjectVersion = 77;
			productRefGroup = 50EDAF962CBF58AF00F41430 /* Products */;
			projectDirPath = "";
			projectRoot = "";
			targets = (
				50EDAF942CBF58AF00F41430 /* DD4Y+SwiftUI */,
				50EDAF9E2CBF58B000F41430 /* DD4Y+SwiftUITests */,
				50EDAFBB2CBF5E1200F41430 /* DD4Y+SwiftUIApp */,
			);
		};
/* End PBXProject section */

/* Begin PBXResourcesBuildPhase section */
		50EDAF932CBF58AF00F41430 /* Resources */ = {
			isa = PBXResourcesBuildPhase;
			buildActionMask = 2147483647;
			files = (
			);
			runOnlyForDeploymentPostprocessing = 0;
		};
		50EDAF9D2CBF58B000F41430 /* Resources */ = {
			isa = PBXResourcesBuildPhase;
			buildActionMask = 2147483647;
			files = (
			);
			runOnlyForDeploymentPostprocessing = 0;
		};
		50EDAFBA2CBF5E1200F41430 /* Resources */ = {
			isa = PBXResourcesBuildPhase;
			buildActionMask = 2147483647;
			files = (
			);
			runOnlyForDeploymentPostprocessing = 0;
		};
/* End PBXResourcesBuildPhase section */

/* Begin PBXSourcesBuildPhase section */
		50EDAF912CBF58AF00F41430 /* Sources */ = {
			isa = PBXSourcesBuildPhase;
			buildActionMask = 2147483647;
			files = (
			);
			runOnlyForDeploymentPostprocessing = 0;
		};
		50EDAF9B2CBF58B000F41430 /* Sources */ = {
			isa = PBXSourcesBuildPhase;
			buildActionMask = 2147483647;
			files = (
			);
			runOnlyForDeploymentPostprocessing = 0;
		};
		50EDAFB82CBF5E1200F41430 /* Sources */ = {
			isa = PBXSourcesBuildPhase;
			buildActionMask = 2147483647;
			files = (
			);
			runOnlyForDeploymentPostprocessing = 0;
		};
/* End PBXSourcesBuildPhase section */

/* Begin PBXTargetDependency section */
		50EDAFA22CBF58B000F41430 /* PBXTargetDependency */ = {
			isa = PBXTargetDependency;
			target = 50EDAF942CBF58AF00F41430 /* DD4Y+SwiftUI */;
			targetProxy = 50EDAFA12CBF58B000F41430 /* PBXContainerItemProxy */;
		};
		50EDAFCB2CBF5F6800F41430 /* PBXTargetDependency */ = {
			isa = PBXTargetDependency;
			target = 50EDAF942CBF58AF00F41430 /* DD4Y+SwiftUI */;
			targetProxy = 50EDAFCA2CBF5F6800F41430 /* PBXContainerItemProxy */;
		};
/* End PBXTargetDependency section */

/* Begin XCBuildConfiguration section */
		50EDAFA92CBF58B000F41430 /* Debug */ = {
			isa = XCBuildConfiguration;
			buildSettings = {
				BUILD_LIBRARY_FOR_DISTRIBUTION = YES;
				CODE_SIGN_STYLE = Automatic;
				CURRENT_PROJECT_VERSION = 1;
				DEFINES_MODULE = YES;
				DEVELOPMENT_TEAM = VFG48XB875;
				DYLIB_COMPATIBILITY_VERSION = 1;
				DYLIB_CURRENT_VERSION = 1;
				DYLIB_INSTALL_NAME_BASE = "@rpath";
				ENABLE_MODULE_VERIFIER = YES;
				GENERATE_INFOPLIST_FILE = YES;
				INFOPLIST_KEY_NSHumanReadableCopyright = "";
				INSTALL_PATH = "$(LOCAL_LIBRARY_DIR)/Frameworks";
				LD_RUNPATH_SEARCH_PATHS = (
					"$(inherited)",
					"@executable_path/Frameworks",
					"@loader_path/Frameworks",
				);
				MARKETING_VERSION = 1.0;
				MODULE_VERIFIER_SUPPORTED_LANGUAGES = "objective-c objective-c++";
				MODULE_VERIFIER_SUPPORTED_LANGUAGE_STANDARDS = "gnu17 gnu++20";
				PRODUCT_BUNDLE_IDENTIFIER = "com.digitaldone4u.DD4Y-SwiftUI";
				PRODUCT_NAME = "$(TARGET_NAME:c99extidentifier)";
				SKIP_INSTALL = YES;
				SWIFT_EMIT_LOC_STRINGS = YES;
				SWIFT_INSTALL_OBJC_HEADER = NO;
				SWIFT_VERSION = 5.0;
				TARGETED_DEVICE_FAMILY = "1,2";
			};
			name = Debug;
		};
		50EDAFAA2CBF58B000F41430 /* Release */ = {
			isa = XCBuildConfiguration;
			buildSettings = {
				BUILD_LIBRARY_FOR_DISTRIBUTION = YES;
				CODE_SIGN_STYLE = Automatic;
				CURRENT_PROJECT_VERSION = 1;
				DEFINES_MODULE = YES;
				DEVELOPMENT_TEAM = VFG48XB875;
				DYLIB_COMPATIBILITY_VERSION = 1;
				DYLIB_CURRENT_VERSION = 1;
				DYLIB_INSTALL_NAME_BASE = "@rpath";
				ENABLE_MODULE_VERIFIER = YES;
				GENERATE_INFOPLIST_FILE = YES;
				INFOPLIST_KEY_NSHumanReadableCopyright = "";
				INSTALL_PATH = "$(LOCAL_LIBRARY_DIR)/Frameworks";
				LD_RUNPATH_SEARCH_PATHS = (
					"$(inherited)",
					"@executable_path/Frameworks",
					"@loader_path/Frameworks",
				);
				MARKETING_VERSION = 1.0;
				MODULE_VERIFIER_SUPPORTED_LANGUAGES = "objective-c objective-c++";
				MODULE_VERIFIER_SUPPORTED_LANGUAGE_STANDARDS = "gnu17 gnu++20";
				PRODUCT_BUNDLE_IDENTIFIER = "com.digitaldone4u.DD4Y-SwiftUI";
				PRODUCT_NAME = "$(TARGET_NAME:c99extidentifier)";
				SKIP_INSTALL = YES;
				SWIFT_EMIT_LOC_STRINGS = YES;
				SWIFT_INSTALL_OBJC_HEADER = NO;
				SWIFT_VERSION = 5.0;
				TARGETED_DEVICE_FAMILY = "1,2";
			};
			name = Release;
		};
		50EDAFAB2CBF58B000F41430 /* Debug */ = {
			isa = XCBuildConfiguration;
			buildSettings = {
				ALWAYS_SEARCH_USER_PATHS = NO;
				ASSETCATALOG_COMPILER_GENERATE_SWIFT_ASSET_SYMBOL_EXTENSIONS = YES;
				CLANG_ANALYZER_NONNULL = YES;
				CLANG_ANALYZER_NUMBER_OBJECT_CONVERSION = YES_AGGRESSIVE;
				CLANG_CXX_LANGUAGE_STANDARD = "gnu++20";
				CLANG_ENABLE_MODULES = YES;
				CLANG_ENABLE_OBJC_ARC = YES;
				CLANG_ENABLE_OBJC_WEAK = YES;
				CLANG_WARN_BLOCK_CAPTURE_AUTORELEASING = YES;
				CLANG_WARN_BOOL_CONVERSION = YES;
				CLANG_WARN_COMMA = YES;
				CLANG_WARN_CONSTANT_CONVERSION = YES;
				CLANG_WARN_DEPRECATED_OBJC_IMPLEMENTATIONS = YES;
				CLANG_WARN_DIRECT_OBJC_ISA_USAGE = YES_ERROR;
				CLANG_WARN_DOCUMENTATION_COMMENTS = YES;
				CLANG_WARN_EMPTY_BODY = YES;
				CLANG_WARN_ENUM_CONVERSION = YES;
				CLANG_WARN_INFINITE_RECURSION = YES;
				CLANG_WARN_INT_CONVERSION = YES;
				CLANG_WARN_NON_LITERAL_NULL_CONVERSION = YES;
				CLANG_WARN_OBJC_IMPLICIT_RETAIN_SELF = YES;
				CLANG_WARN_OBJC_LITERAL_CONVERSION = YES;
				CLANG_WARN_OBJC_ROOT_CLASS = YES_ERROR;
				CLANG_WARN_QUOTED_INCLUDE_IN_FRAMEWORK_HEADER = YES;
				CLANG_WARN_RANGE_LOOP_ANALYSIS = YES;
				CLANG_WARN_STRICT_PROTOTYPES = YES;
				CLANG_WARN_SUSPICIOUS_MOVE = YES;
				CLANG_WARN_UNGUARDED_AVAILABILITY = YES_AGGRESSIVE;
				CLANG_WARN_UNREACHABLE_CODE = YES;
				CLANG_WARN__DUPLICATE_METHOD_MATCH = YES;
				COPY_PHASE_STRIP = NO;
				CURRENT_PROJECT_VERSION = 1;
				DEBUG_INFORMATION_FORMAT = dwarf;
				ENABLE_STRICT_OBJC_MSGSEND = YES;
				ENABLE_TESTABILITY = YES;
				ENABLE_USER_SCRIPT_SANDBOXING = YES;
				GCC_C_LANGUAGE_STANDARD = gnu17;
				GCC_DYNAMIC_NO_PIC = NO;
				GCC_NO_COMMON_BLOCKS = YES;
				GCC_OPTIMIZATION_LEVEL = 0;
				GCC_PREPROCESSOR_DEFINITIONS = (
					"DEBUG=1",
					"$(inherited)",
				);
				GCC_WARN_64_TO_32_BIT_CONVERSION = YES;
				GCC_WARN_ABOUT_RETURN_TYPE = YES_ERROR;
				GCC_WARN_UNDECLARED_SELECTOR = YES;
				GCC_WARN_UNINITIALIZED_AUTOS = YES_AGGRESSIVE;
				GCC_WARN_UNUSED_FUNCTION = YES;
				GCC_WARN_UNUSED_VARIABLE = YES;
				IPHONEOS_DEPLOYMENT_TARGET = 18.0;
				LOCALIZATION_PREFERS_STRING_CATALOGS = YES;
				MTL_ENABLE_DEBUG_INFO = INCLUDE_SOURCE;
				MTL_FAST_MATH = YES;
				ONLY_ACTIVE_ARCH = YES;
				SDKROOT = iphoneos;
				SWIFT_ACTIVE_COMPILATION_CONDITIONS = "DEBUG $(inherited)";
				SWIFT_OPTIMIZATION_LEVEL = "-Onone";
				VERSIONING_SYSTEM = "apple-generic";
				VERSION_INFO_PREFIX = "";
			};
			name = Debug;
		};
		50EDAFAC2CBF58B000F41430 /* Release */ = {
			isa = XCBuildConfiguration;
			buildSettings = {
				ALWAYS_SEARCH_USER_PATHS = NO;
				ASSETCATALOG_COMPILER_GENERATE_SWIFT_ASSET_SYMBOL_EXTENSIONS = YES;
				CLANG_ANALYZER_NONNULL = YES;
				CLANG_ANALYZER_NUMBER_OBJECT_CONVERSION = YES_AGGRESSIVE;
				CLANG_CXX_LANGUAGE_STANDARD = "gnu++20";
				CLANG_ENABLE_MODULES = YES;
				CLANG_ENABLE_OBJC_ARC = YES;
				CLANG_ENABLE_OBJC_WEAK = YES;
				CLANG_WARN_BLOCK_CAPTURE_AUTORELEASING = YES;
				CLANG_WARN_BOOL_CONVERSION = YES;
				CLANG_WARN_COMMA = YES;
				CLANG_WARN_CONSTANT_CONVERSION = YES;
				CLANG_WARN_DEPRECATED_OBJC_IMPLEMENTATIONS = YES;
				CLANG_WARN_DIRECT_OBJC_ISA_USAGE = YES_ERROR;
				CLANG_WARN_DOCUMENTATION_COMMENTS = YES;
				CLANG_WARN_EMPTY_BODY = YES;
				CLANG_WARN_ENUM_CONVERSION = YES;
				CLANG_WARN_INFINITE_RECURSION = YES;
				CLANG_WARN_INT_CONVERSION = YES;
				CLANG_WARN_NON_LITERAL_NULL_CONVERSION = YES;
				CLANG_WARN_OBJC_IMPLICIT_RETAIN_SELF = YES;
				CLANG_WARN_OBJC_LITERAL_CONVERSION = YES;
				CLANG_WARN_OBJC_ROOT_CLASS = YES_ERROR;
				CLANG_WARN_QUOTED_INCLUDE_IN_FRAMEWORK_HEADER = YES;
				CLANG_WARN_RANGE_LOOP_ANALYSIS = YES;
				CLANG_WARN_STRICT_PROTOTYPES = YES;
				CLANG_WARN_SUSPICIOUS_MOVE = YES;
				CLANG_WARN_UNGUARDED_AVAILABILITY = YES_AGGRESSIVE;
				CLANG_WARN_UNREACHABLE_CODE = YES;
				CLANG_WARN__DUPLICATE_METHOD_MATCH = YES;
				COPY_PHASE_STRIP = NO;
				CURRENT_PROJECT_VERSION = 1;
				DEBUG_INFORMATION_FORMAT = "dwarf-with-dsym";
				ENABLE_NS_ASSERTIONS = NO;
				ENABLE_STRICT_OBJC_MSGSEND = YES;
				ENABLE_USER_SCRIPT_SANDBOXING = YES;
				GCC_C_LANGUAGE_STANDARD = gnu17;
				GCC_NO_COMMON_BLOCKS = YES;
				GCC_WARN_64_TO_32_BIT_CONVERSION = YES;
				GCC_WARN_ABOUT_RETURN_TYPE = YES_ERROR;
				GCC_WARN_UNDECLARED_SELECTOR = YES;
				GCC_WARN_UNINITIALIZED_AUTOS = YES_AGGRESSIVE;
				GCC_WARN_UNUSED_FUNCTION = YES;
				GCC_WARN_UNUSED_VARIABLE = YES;
				IPHONEOS_DEPLOYMENT_TARGET = 18.0;
				LOCALIZATION_PREFERS_STRING_CATALOGS = YES;
				MTL_ENABLE_DEBUG_INFO = NO;
				MTL_FAST_MATH = YES;
				SDKROOT = iphoneos;
				SWIFT_COMPILATION_MODE = wholemodule;
				VALIDATE_PRODUCT = YES;
				VERSIONING_SYSTEM = "apple-generic";
				VERSION_INFO_PREFIX = "";
			};
			name = Release;
		};
		50EDAFAE2CBF58B000F41430 /* Debug */ = {
			isa = XCBuildConfiguration;
			buildSettings = {
				CODE_SIGN_STYLE = Automatic;
				CURRENT_PROJECT_VERSION = 1;
				DEVELOPMENT_TEAM = VFG48XB875;
				GENERATE_INFOPLIST_FILE = YES;
				MARKETING_VERSION = 1.0;
				PRODUCT_BUNDLE_IDENTIFIER = "com.digitaldone4u.DD4Y-SwiftUITests";
				PRODUCT_NAME = "$(TARGET_NAME)";
				SWIFT_EMIT_LOC_STRINGS = NO;
				SWIFT_VERSION = 5.0;
				TARGETED_DEVICE_FAMILY = "1,2";
			};
			name = Debug;
		};
		50EDAFAF2CBF58B000F41430 /* Release */ = {
			isa = XCBuildConfiguration;
			buildSettings = {
				CODE_SIGN_STYLE = Automatic;
				CURRENT_PROJECT_VERSION = 1;
				DEVELOPMENT_TEAM = VFG48XB875;
				GENERATE_INFOPLIST_FILE = YES;
				MARKETING_VERSION = 1.0;
				PRODUCT_BUNDLE_IDENTIFIER = "com.digitaldone4u.DD4Y-SwiftUITests";
				PRODUCT_NAME = "$(TARGET_NAME)";
				SWIFT_EMIT_LOC_STRINGS = NO;
				SWIFT_VERSION = 5.0;
				TARGETED_DEVICE_FAMILY = "1,2";
			};
			name = Release;
		};
		50EDAFC82CBF5E1400F41430 /* Debug */ = {
			isa = XCBuildConfiguration;
			buildSettings = {
				ASSETCATALOG_COMPILER_APPICON_NAME = AppIcon;
				ASSETCATALOG_COMPILER_GLOBAL_ACCENT_COLOR_NAME = AccentColor;
				CODE_SIGN_STYLE = Automatic;
				CURRENT_PROJECT_VERSION = 1;
				DEVELOPMENT_ASSET_PATHS = "\"DD4Y+SwiftUIApp/Preview Content\"";
				DEVELOPMENT_TEAM = VFG48XB875;
				ENABLE_PREVIEWS = YES;
				GENERATE_INFOPLIST_FILE = YES;
				INFOPLIST_KEY_UIApplicationSceneManifest_Generation = YES;
				INFOPLIST_KEY_UIApplicationSupportsIndirectInputEvents = YES;
				INFOPLIST_KEY_UILaunchScreen_Generation = YES;
				INFOPLIST_KEY_UISupportedInterfaceOrientations_iPad = "UIInterfaceOrientationPortrait UIInterfaceOrientationPortraitUpsideDown UIInterfaceOrientationLandscapeLeft UIInterfaceOrientationLandscapeRight";
				INFOPLIST_KEY_UISupportedInterfaceOrientations_iPhone = "UIInterfaceOrientationPortrait UIInterfaceOrientationLandscapeLeft UIInterfaceOrientationLandscapeRight";
				LD_RUNPATH_SEARCH_PATHS = (
					"$(inherited)",
					"@executable_path/Frameworks",
				);
				MARKETING_VERSION = 1.0;
				PRODUCT_BUNDLE_IDENTIFIER = "com.digitaldone4u.DD4Y-SwiftUIApp";
				PRODUCT_NAME = "$(TARGET_NAME)";
				SWIFT_EMIT_LOC_STRINGS = YES;
				SWIFT_VERSION = 5.0;
				TARGETED_DEVICE_FAMILY = "1,2";
			};
			name = Debug;
		};
		50EDAFC92CBF5E1400F41430 /* Release */ = {
			isa = XCBuildConfiguration;
			buildSettings = {
				ASSETCATALOG_COMPILER_APPICON_NAME = AppIcon;
				ASSETCATALOG_COMPILER_GLOBAL_ACCENT_COLOR_NAME = AccentColor;
				CODE_SIGN_STYLE = Automatic;
				CURRENT_PROJECT_VERSION = 1;
				DEVELOPMENT_ASSET_PATHS = "\"DD4Y+SwiftUIApp/Preview Content\"";
				DEVELOPMENT_TEAM = VFG48XB875;
				ENABLE_PREVIEWS = YES;
				GENERATE_INFOPLIST_FILE = YES;
				INFOPLIST_KEY_UIApplicationSceneManifest_Generation = YES;
				INFOPLIST_KEY_UIApplicationSupportsIndirectInputEvents = YES;
				INFOPLIST_KEY_UILaunchScreen_Generation = YES;
				INFOPLIST_KEY_UISupportedInterfaceOrientations_iPad = "UIInterfaceOrientationPortrait UIInterfaceOrientationPortraitUpsideDown UIInterfaceOrientationLandscapeLeft UIInterfaceOrientationLandscapeRight";
				INFOPLIST_KEY_UISupportedInterfaceOrientations_iPhone = "UIInterfaceOrientationPortrait UIInterfaceOrientationLandscapeLeft UIInterfaceOrientationLandscapeRight";
				LD_RUNPATH_SEARCH_PATHS = (
					"$(inherited)",
					"@executable_path/Frameworks",
				);
				MARKETING_VERSION = 1.0;
				PRODUCT_BUNDLE_IDENTIFIER = "com.digitaldone4u.DD4Y-SwiftUIApp";
				PRODUCT_NAME = "$(TARGET_NAME)";
				SWIFT_EMIT_LOC_STRINGS = YES;
				SWIFT_VERSION = 5.0;
				TARGETED_DEVICE_FAMILY = "1,2";
			};
			name = Release;
		};
/* End XCBuildConfiguration section */

/* Begin XCConfigurationList section */
		50EDAF8F2CBF58AF00F41430 /* Build configuration list for PBXProject "DD4Y+SwiftUI" */ = {
			isa = XCConfigurationList;
			buildConfigurations = (
				50EDAFAB2CBF58B000F41430 /* Debug */,
				50EDAFAC2CBF58B000F41430 /* Release */,
			);
			defaultConfigurationIsVisible = 0;
			defaultConfigurationName = Release;
		};
		50EDAFA82CBF58B000F41430 /* Build configuration list for PBXNativeTarget "DD4Y+SwiftUI" */ = {
			isa = XCConfigurationList;
			buildConfigurations = (
				50EDAFA92CBF58B000F41430 /* Debug */,
				50EDAFAA2CBF58B000F41430 /* Release */,
			);
			defaultConfigurationIsVisible = 0;
			defaultConfigurationName = Release;
		};
		50EDAFAD2CBF58B000F41430 /* Build configuration list for PBXNativeTarget "DD4Y+SwiftUITests" */ = {
			isa = XCConfigurationList;
			buildConfigurations = (
				50EDAFAE2CBF58B000F41430 /* Debug */,
				50EDAFAF2CBF58B000F41430 /* Release */,
			);
			defaultConfigurationIsVisible = 0;
			defaultConfigurationName = Release;
		};
		50EDAFC72CBF5E1400F41430 /* Build configuration list for PBXNativeTarget "DD4Y+SwiftUIApp" */ = {
			isa = XCConfigurationList;
			buildConfigurations = (
				50EDAFC82CBF5E1400F41430 /* Debug */,
				50EDAFC92CBF5E1400F41430 /* Release */,
			);
			defaultConfigurationIsVisible = 0;
			defaultConfigurationName = Release;
		};
/* End XCConfigurationList section */
	};
	rootObject = 50EDAF8C2CBF58AF00F41430 /* Project object */;
}
