// !$*UTF8*$!
{
	archiveVersion = 1;
	classes = {
	};
	objectVersion = 56;
	objects = {

/* Begin PBXBuildFile section */
		50BB7BF02C70D03C002FC184 /* AppDelegate.swift in Sources */ = {isa = PBXBuildFile; fileRef = 50BB7BEF2C70D03C002FC184 /* AppDelegate.swift */; };
		50BB7BF22C70D03C002FC184 /* SceneDelegate.swift in Sources */ = {isa = PBXBuildFile; fileRef = 50BB7BF12C70D03C002FC184 /* SceneDelegate.swift */; };
		50BB7BF42C70D03C002FC184 /* ViewController.swift in Sources */ = {isa = PBXBuildFile; fileRef = 50BB7BF32C70D03C002FC184 /* ViewController.swift */; };
		50BB7BF72C70D03C002FC184 /* Base in Resources */ = {isa = PBXBuildFile; fileRef = 50BB7BF62C70D03C002FC184 /* Base */; };
		50BB7BFA2C70D03C002FC184 /* MVVM.xcdatamodeld in Sources */ = {isa = PBXBuildFile; fileRef = 50BB7BF82C70D03C002FC184 /* MVVM.xcdatamodeld */; };
		50BB7BFC2C70D03D002FC184 /* Assets.xcassets in Resources */ = {isa = PBXBuildFile; fileRef = 50BB7BFB2C70D03D002FC184 /* Assets.xcassets */; };
		50BB7BFF2C70D03D002FC184 /* Base in Resources */ = {isa = PBXBuildFile; fileRef = 50BB7BFE2C70D03D002FC184 /* Base */; };
		50BB7C0A2C70D03D002FC184 /* MVVMTests.swift in Sources */ = {isa = PBXBuildFile; fileRef = 50BB7C092C70D03D002FC184 /* MVVMTests.swift */; };
		50BB7C142C70D03D002FC184 /* MVVMUITests.swift in Sources */ = {isa = PBXBuildFile; fileRef = 50BB7C132C70D03D002FC184 /* MVVMUITests.swift */; };
		50BB7C162C70D03D002FC184 /* MVVMUITestsLaunchTests.swift in Sources */ = {isa = PBXBuildFile; fileRef = 50BB7C152C70D03D002FC184 /* MVVMUITestsLaunchTests.swift */; };
		50FFA7E42C7CCB0200B64E04 /* CustomPopoverViewController.swift in Sources */ = {isa = PBXBuildFile; fileRef = 50FFA7E32C7CCB0200B64E04 /* CustomPopoverViewController.swift */; };
		50FFA7E62C7CD1A800B64E04 /* CustomPresentationController.swift in Sources */ = {isa = PBXBuildFile; fileRef = 50FFA7E52C7CD1A800B64E04 /* CustomPresentationController.swift */; };
/* End PBXBuildFile section */

/* Begin PBXContainerItemProxy section */
		50BB7C062C70D03D002FC184 /* PBXContainerItemProxy */ = {
			isa = PBXContainerItemProxy;
			containerPortal = 50BB7BE42C70D03C002FC184 /* Project object */;
			proxyType = 1;
			remoteGlobalIDString = 50BB7BEB2C70D03C002FC184;
			remoteInfo = MVVM;
		};
		50BB7C102C70D03D002FC184 /* PBXContainerItemProxy */ = {
			isa = PBXContainerItemProxy;
			containerPortal = 50BB7BE42C70D03C002FC184 /* Project object */;
			proxyType = 1;
			remoteGlobalIDString = 50BB7BEB2C70D03C002FC184;
			remoteInfo = MVVM;
		};
/* End PBXContainerItemProxy section */

/* Begin PBXFileReference section */
		50BB7BEC2C70D03C002FC184 /* MVVM.app */ = {isa = PBXFileReference; explicitFileType = wrapper.application; includeInIndex = 0; path = MVVM.app; sourceTree = BUILT_PRODUCTS_DIR; };
		50BB7BEF2C70D03C002FC184 /* AppDelegate.swift */ = {isa = PBXFileReference; lastKnownFileType = sourcecode.swift; path = AppDelegate.swift; sourceTree = "<group>"; };
		50BB7BF12C70D03C002FC184 /* SceneDelegate.swift */ = {isa = PBXFileReference; lastKnownFileType = sourcecode.swift; path = SceneDelegate.swift; sourceTree = "<group>"; };
		50BB7BF32C70D03C002FC184 /* ViewController.swift */ = {isa = PBXFileReference; lastKnownFileType = sourcecode.swift; path = ViewController.swift; sourceTree = "<group>"; };
		50BB7BF62C70D03C002FC184 /* Base */ = {isa = PBXFileReference; lastKnownFileType = file.storyboard; name = Base; path = Base.lproj/Main.storyboard; sourceTree = "<group>"; };
		50BB7BF92C70D03C002FC184 /* MVVM.xcdatamodel */ = {isa = PBXFileReference; lastKnownFileType = wrapper.xcdatamodel; path = MVVM.xcdatamodel; sourceTree = "<group>"; };
		50BB7BFB2C70D03D002FC184 /* Assets.xcassets */ = {isa = PBXFileReference; lastKnownFileType = folder.assetcatalog; path = Assets.xcassets; sourceTree = "<group>"; };
		50BB7BFE2C70D03D002FC184 /* Base */ = {isa = PBXFileReference; lastKnownFileType = file.storyboard; name = Base; path = Base.lproj/LaunchScreen.storyboard; sourceTree = "<group>"; };
		50BB7C002C70D03D002FC184 /* Info.plist */ = {isa = PBXFileReference; lastKnownFileType = text.plist.xml; path = Info.plist; sourceTree = "<group>"; };
		50BB7C052C70D03D002FC184 /* MVVMTests.xctest */ = {isa = PBXFileReference; explicitFileType = wrapper.cfbundle; includeInIndex = 0; path = MVVMTests.xctest; sourceTree = BUILT_PRODUCTS_DIR; };
		50BB7C092C70D03D002FC184 /* MVVMTests.swift */ = {isa = PBXFileReference; lastKnownFileType = sourcecode.swift; path = MVVMTests.swift; sourceTree = "<group>"; };
		50BB7C0F2C70D03D002FC184 /* MVVMUITests.xctest */ = {isa = PBXFileReference; explicitFileType = wrapper.cfbundle; includeInIndex = 0; path = MVVMUITests.xctest; sourceTree = BUILT_PRODUCTS_DIR; };
		50BB7C132C70D03D002FC184 /* MVVMUITests.swift */ = {isa = PBXFileReference; lastKnownFileType = sourcecode.swift; path = MVVMUITests.swift; sourceTree = "<group>"; };
		50BB7C152C70D03D002FC184 /* MVVMUITestsLaunchTests.swift */ = {isa = PBXFileReference; lastKnownFileType = sourcecode.swift; path = MVVMUITestsLaunchTests.swift; sourceTree = "<group>"; };
		50FFA7E32C7CCB0200B64E04 /* CustomPopoverViewController.swift */ = {isa = PBXFileReference; lastKnownFileType = sourcecode.swift; path = CustomPopoverViewController.swift; sourceTree = "<group>"; };
		50FFA7E52C7CD1A800B64E04 /* CustomPresentationController.swift */ = {isa = PBXFileReference; lastKnownFileType = sourcecode.swift; path = CustomPresentationController.swift; sourceTree = "<group>"; };
/* End PBXFileReference section */

/* Begin PBXFrameworksBuildPhase section */
		50BB7BE92C70D03C002FC184 /* Frameworks */ = {
			isa = PBXFrameworksBuildPhase;
			buildActionMask = 2147483647;
			files = (
			);
			runOnlyForDeploymentPostprocessing = 0;
		};
		50BB7C022C70D03D002FC184 /* Frameworks */ = {
			isa = PBXFrameworksBuildPhase;
			buildActionMask = 2147483647;
			files = (
			);
			runOnlyForDeploymentPostprocessing = 0;
		};
		50BB7C0C2C70D03D002FC184 /* Frameworks */ = {
			isa = PBXFrameworksBuildPhase;
			buildActionMask = 2147483647;
			files = (
			);
			runOnlyForDeploymentPostprocessing = 0;
		};
/* End PBXFrameworksBuildPhase section */

/* Begin PBXGroup section */
		50BB7BE32C70D03C002FC184 = {
			isa = PBXGroup;
			children = (
				50BB7BEE2C70D03C002FC184 /* MVVM */,
				50BB7C082C70D03D002FC184 /* MVVMTests */,
				50BB7C122C70D03D002FC184 /* MVVMUITests */,
				50BB7BED2C70D03C002FC184 /* Products */,
			);
			sourceTree = "<group>";
		};
		50BB7BED2C70D03C002FC184 /* Products */ = {
			isa = PBXGroup;
			children = (
				50BB7BEC2C70D03C002FC184 /* MVVM.app */,
				50BB7C052C70D03D002FC184 /* MVVMTests.xctest */,
				50BB7C0F2C70D03D002FC184 /* MVVMUITests.xctest */,
			);
			name = Products;
			sourceTree = "<group>";
		};
		50BB7BEE2C70D03C002FC184 /* MVVM */ = {
			isa = PBXGroup;
			children = (
				50BB7BEF2C70D03C002FC184 /* AppDelegate.swift */,
				50BB7BF12C70D03C002FC184 /* SceneDelegate.swift */,
				50BB7BF32C70D03C002FC184 /* ViewController.swift */,
				50BB7BF52C70D03C002FC184 /* Main.storyboard */,
				50BB7BFB2C70D03D002FC184 /* Assets.xcassets */,
				50BB7BFD2C70D03D002FC184 /* LaunchScreen.storyboard */,
				50BB7C002C70D03D002FC184 /* Info.plist */,
				50BB7BF82C70D03C002FC184 /* MVVM.xcdatamodeld */,
				50FFA7E32C7CCB0200B64E04 /* CustomPopoverViewController.swift */,
				50FFA7E52C7CD1A800B64E04 /* CustomPresentationController.swift */,
			);
			path = MVVM;
			sourceTree = "<group>";
		};
		50BB7C082C70D03D002FC184 /* MVVMTests */ = {
			isa = PBXGroup;
			children = (
				50BB7C092C70D03D002FC184 /* MVVMTests.swift */,
			);
			path = MVVMTests;
			sourceTree = "<group>";
		};
		50BB7C122C70D03D002FC184 /* MVVMUITests */ = {
			isa = PBXGroup;
			children = (
				50BB7C132C70D03D002FC184 /* MVVMUITests.swift */,
				50BB7C152C70D03D002FC184 /* MVVMUITestsLaunchTests.swift */,
			);
			path = MVVMUITests;
			sourceTree = "<group>";
		};
/* End PBXGroup section */

/* Begin PBXNativeTarget section */
		50BB7BEB2C70D03C002FC184 /* MVVM */ = {
			isa = PBXNativeTarget;
			buildConfigurationList = 50BB7C192C70D03D002FC184 /* Build configuration list for PBXNativeTarget "MVVM" */;
			buildPhases = (
				50BB7BE82C70D03C002FC184 /* Sources */,
				50BB7BE92C70D03C002FC184 /* Frameworks */,
				50BB7BEA2C70D03C002FC184 /* Resources */,
			);
			buildRules = (
			);
			dependencies = (
			);
			name = MVVM;
			productName = MVVM;
			productReference = 50BB7BEC2C70D03C002FC184 /* MVVM.app */;
			productType = "com.apple.product-type.application";
		};
		50BB7C042C70D03D002FC184 /* MVVMTests */ = {
			isa = PBXNativeTarget;
			buildConfigurationList = 50BB7C1C2C70D03D002FC184 /* Build configuration list for PBXNativeTarget "MVVMTests" */;
			buildPhases = (
				50BB7C012C70D03D002FC184 /* Sources */,
				50BB7C022C70D03D002FC184 /* Frameworks */,
				50BB7C032C70D03D002FC184 /* Resources */,
			);
			buildRules = (
			);
			dependencies = (
				50BB7C072C70D03D002FC184 /* PBXTargetDependency */,
			);
			name = MVVMTests;
			productName = MVVMTests;
			productReference = 50BB7C052C70D03D002FC184 /* MVVMTests.xctest */;
			productType = "com.apple.product-type.bundle.unit-test";
		};
		50BB7C0E2C70D03D002FC184 /* MVVMUITests */ = {
			isa = PBXNativeTarget;
			buildConfigurationList = 50BB7C1F2C70D03D002FC184 /* Build configuration list for PBXNativeTarget "MVVMUITests" */;
			buildPhases = (
				50BB7C0B2C70D03D002FC184 /* Sources */,
				50BB7C0C2C70D03D002FC184 /* Frameworks */,
				50BB7C0D2C70D03D002FC184 /* Resources */,
			);
			buildRules = (
			);
			dependencies = (
				50BB7C112C70D03D002FC184 /* PBXTargetDependency */,
			);
			name = MVVMUITests;
			productName = MVVMUITests;
			productReference = 50BB7C0F2C70D03D002FC184 /* MVVMUITests.xctest */;
			productType = "com.apple.product-type.bundle.ui-testing";
		};
/* End PBXNativeTarget section */

/* Begin PBXProject section */
		50BB7BE42C70D03C002FC184 /* Project object */ = {
			isa = PBXProject;
			attributes = {
				BuildIndependentTargetsInParallel = 1;
				LastSwiftUpdateCheck = 1540;
				LastUpgradeCheck = 1540;
				TargetAttributes = {
					50BB7BEB2C70D03C002FC184 = {
						CreatedOnToolsVersion = 15.4;
					};
					50BB7C042C70D03D002FC184 = {
						CreatedOnToolsVersion = 15.4;
						TestTargetID = 50BB7BEB2C70D03C002FC184;
					};
					50BB7C0E2C70D03D002FC184 = {
						CreatedOnToolsVersion = 15.4;
						TestTargetID = 50BB7BEB2C70D03C002FC184;
					};
				};
			};
			buildConfigurationList = 50BB7BE72C70D03C002FC184 /* Build configuration list for PBXProject "MVVM" */;
			compatibilityVersion = "Xcode 14.0";
			developmentRegion = en;
			hasScannedForEncodings = 0;
			knownRegions = (
				en,
				Base,
			);
			mainGroup = 50BB7BE32C70D03C002FC184;
			productRefGroup = 50BB7BED2C70D03C002FC184 /* Products */;
			projectDirPath = "";
			projectRoot = "";
			targets = (
				50BB7BEB2C70D03C002FC184 /* MVVM */,
				50BB7C042C70D03D002FC184 /* MVVMTests */,
				50BB7C0E2C70D03D002FC184 /* MVVMUITests */,
			);
		};
/* End PBXProject section */

/* Begin PBXResourcesBuildPhase section */
		50BB7BEA2C70D03C002FC184 /* Resources */ = {
			isa = PBXResourcesBuildPhase;
			buildActionMask = 2147483647;
			files = (
				50BB7BFC2C70D03D002FC184 /* Assets.xcassets in Resources */,
				50BB7BFF2C70D03D002FC184 /* Base in Resources */,
				50BB7BF72C70D03C002FC184 /* Base in Resources */,
			);
			runOnlyForDeploymentPostprocessing = 0;
		};
		50BB7C032C70D03D002FC184 /* Resources */ = {
			isa = PBXResourcesBuildPhase;
			buildActionMask = 2147483647;
			files = (
			);
			runOnlyForDeploymentPostprocessing = 0;
		};
		50BB7C0D2C70D03D002FC184 /* Resources */ = {
			isa = PBXResourcesBuildPhase;
			buildActionMask = 2147483647;
			files = (
			);
			runOnlyForDeploymentPostprocessing = 0;
		};
/* End PBXResourcesBuildPhase section */

/* Begin PBXSourcesBuildPhase section */
		50BB7BE82C70D03C002FC184 /* Sources */ = {
			isa = PBXSourcesBuildPhase;
			buildActionMask = 2147483647;
			files = (
				50BB7BF42C70D03C002FC184 /* ViewController.swift in Sources */,
				50FFA7E42C7CCB0200B64E04 /* CustomPopoverViewController.swift in Sources */,
				50FFA7E62C7CD1A800B64E04 /* CustomPresentationController.swift in Sources */,
				50BB7BF02C70D03C002FC184 /* AppDelegate.swift in Sources */,
				50BB7BF22C70D03C002FC184 /* SceneDelegate.swift in Sources */,
				50BB7BFA2C70D03C002FC184 /* MVVM.xcdatamodeld in Sources */,
			);
			runOnlyForDeploymentPostprocessing = 0;
		};
		50BB7C012C70D03D002FC184 /* Sources */ = {
			isa = PBXSourcesBuildPhase;
			buildActionMask = 2147483647;
			files = (
				50BB7C0A2C70D03D002FC184 /* MVVMTests.swift in Sources */,
			);
			runOnlyForDeploymentPostprocessing = 0;
		};
		50BB7C0B2C70D03D002FC184 /* Sources */ = {
			isa = PBXSourcesBuildPhase;
			buildActionMask = 2147483647;
			files = (
				50BB7C162C70D03D002FC184 /* MVVMUITestsLaunchTests.swift in Sources */,
				50BB7C142C70D03D002FC184 /* MVVMUITests.swift in Sources */,
			);
			runOnlyForDeploymentPostprocessing = 0;
		};
/* End PBXSourcesBuildPhase section */

/* Begin PBXTargetDependency section */
		50BB7C072C70D03D002FC184 /* PBXTargetDependency */ = {
			isa = PBXTargetDependency;
			target = 50BB7BEB2C70D03C002FC184 /* MVVM */;
			targetProxy = 50BB7C062C70D03D002FC184 /* PBXContainerItemProxy */;
		};
		50BB7C112C70D03D002FC184 /* PBXTargetDependency */ = {
			isa = PBXTargetDependency;
			target = 50BB7BEB2C70D03C002FC184 /* MVVM */;
			targetProxy = 50BB7C102C70D03D002FC184 /* PBXContainerItemProxy */;
		};
/* End PBXTargetDependency section */

/* Begin PBXVariantGroup section */
		50BB7BF52C70D03C002FC184 /* Main.storyboard */ = {
			isa = PBXVariantGroup;
			children = (
				50BB7BF62C70D03C002FC184 /* Base */,
			);
			name = Main.storyboard;
			sourceTree = "<group>";
		};
		50BB7BFD2C70D03D002FC184 /* LaunchScreen.storyboard */ = {
			isa = PBXVariantGroup;
			children = (
				50BB7BFE2C70D03D002FC184 /* Base */,
			);
			name = LaunchScreen.storyboard;
			sourceTree = "<group>";
		};
/* End PBXVariantGroup section */

/* Begin XCBuildConfiguration section */
		50BB7C172C70D03D002FC184 /* Debug */ = {
			isa = XCBuildConfiguration;
			buildSettings = {
				ALWAYS_SEARCH_USER_PATHS = NO;
				ASSETCATALOG_COMPILER_GENERATE_SWIFT_ASSET_SYMBOL_EXTENSIONS = YES;
				CLANG_ANALYZER_NONNULL = YES;
				CLANG_ANALYZER_NUMBER_OBJECT_CONVERSION = YES_AGGRESSIVE;
				CLANG_CXX_LANGUAGE_STANDARD = "gnu++20";
				CLANG_ENABLE_MODULES = YES;
				CLANG_ENABLE_OBJC_ARC = YES;
				CLANG_ENABLE_OBJC_WEAK = YES;
				CLANG_WARN_BLOCK_CAPTURE_AUTORELEASING = YES;
				CLANG_WARN_BOOL_CONVERSION = YES;
				CLANG_WARN_COMMA = YES;
				CLANG_WARN_CONSTANT_CONVERSION = YES;
				CLANG_WARN_DEPRECATED_OBJC_IMPLEMENTATIONS = YES;
				CLANG_WARN_DIRECT_OBJC_ISA_USAGE = YES_ERROR;
				CLANG_WARN_DOCUMENTATION_COMMENTS = YES;
				CLANG_WARN_EMPTY_BODY = YES;
				CLANG_WARN_ENUM_CONVERSION = YES;
				CLANG_WARN_INFINITE_RECURSION = YES;
				CLANG_WARN_INT_CONVERSION = YES;
				CLANG_WARN_NON_LITERAL_NULL_CONVERSION = YES;
				CLANG_WARN_OBJC_IMPLICIT_RETAIN_SELF = YES;
				CLANG_WARN_OBJC_LITERAL_CONVERSION = YES;
				CLANG_WARN_OBJC_ROOT_CLASS = YES_ERROR;
				CLANG_WARN_QUOTED_INCLUDE_IN_FRAMEWORK_HEADER = YES;
				CLANG_WARN_RANGE_LOOP_ANALYSIS = YES;
				CLANG_WARN_STRICT_PROTOTYPES = YES;
				CLANG_WARN_SUSPICIOUS_MOVE = YES;
				CLANG_WARN_UNGUARDED_AVAILABILITY = YES_AGGRESSIVE;
				CLANG_WARN_UNREACHABLE_CODE = YES;
				CLANG_WARN__DUPLICATE_METHOD_MATCH = YES;
				COPY_PHASE_STRIP = NO;
				DEBUG_INFORMATION_FORMAT = dwarf;
				ENABLE_STRICT_OBJC_MSGSEND = YES;
				ENABLE_TESTABILITY = YES;
				ENABLE_USER_SCRIPT_SANDBOXING = YES;
				GCC_C_LANGUAGE_STANDARD = gnu17;
				GCC_DYNAMIC_NO_PIC = NO;
				GCC_NO_COMMON_BLOCKS = YES;
				GCC_OPTIMIZATION_LEVEL = 0;
				GCC_PREPROCESSOR_DEFINITIONS = (
					"DEBUG=1",
					"$(inherited)",
				);
				GCC_WARN_64_TO_32_BIT_CONVERSION = YES;
				GCC_WARN_ABOUT_RETURN_TYPE = YES_ERROR;
				GCC_WARN_UNDECLARED_SELECTOR = YES;
				GCC_WARN_UNINITIALIZED_AUTOS = YES_AGGRESSIVE;
				GCC_WARN_UNUSED_FUNCTION = YES;
				GCC_WARN_UNUSED_VARIABLE = YES;
				IPHONEOS_DEPLOYMENT_TARGET = 17.5;
				LOCALIZATION_PREFERS_STRING_CATALOGS = YES;
				MTL_ENABLE_DEBUG_INFO = INCLUDE_SOURCE;
				MTL_FAST_MATH = YES;
				ONLY_ACTIVE_ARCH = YES;
				SDKROOT = iphoneos;
				SWIFT_ACTIVE_COMPILATION_CONDITIONS = "DEBUG $(inherited)";
				SWIFT_OPTIMIZATION_LEVEL = "-Onone";
			};
			name = Debug;
		};
		50BB7C182C70D03D002FC184 /* Release */ = {
			isa = XCBuildConfiguration;
			buildSettings = {
				ALWAYS_SEARCH_USER_PATHS = NO;
				ASSETCATALOG_COMPILER_GENERATE_SWIFT_ASSET_SYMBOL_EXTENSIONS = YES;
				CLANG_ANALYZER_NONNULL = YES;
				CLANG_ANALYZER_NUMBER_OBJECT_CONVERSION = YES_AGGRESSIVE;
				CLANG_CXX_LANGUAGE_STANDARD = "gnu++20";
				CLANG_ENABLE_MODULES = YES;
				CLANG_ENABLE_OBJC_ARC = YES;
				CLANG_ENABLE_OBJC_WEAK = YES;
				CLANG_WARN_BLOCK_CAPTURE_AUTORELEASING = YES;
				CLANG_WARN_BOOL_CONVERSION = YES;
				CLANG_WARN_COMMA = YES;
				CLANG_WARN_CONSTANT_CONVERSION = YES;
				CLANG_WARN_DEPRECATED_OBJC_IMPLEMENTATIONS = YES;
				CLANG_WARN_DIRECT_OBJC_ISA_USAGE = YES_ERROR;
				CLANG_WARN_DOCUMENTATION_COMMENTS = YES;
				CLANG_WARN_EMPTY_BODY = YES;
				CLANG_WARN_ENUM_CONVERSION = YES;
				CLANG_WARN_INFINITE_RECURSION = YES;
				CLANG_WARN_INT_CONVERSION = YES;
				CLANG_WARN_NON_LITERAL_NULL_CONVERSION = YES;
				CLANG_WARN_OBJC_IMPLICIT_RETAIN_SELF = YES;
				CLANG_WARN_OBJC_LITERAL_CONVERSION = YES;
				CLANG_WARN_OBJC_ROOT_CLASS = YES_ERROR;
				CLANG_WARN_QUOTED_INCLUDE_IN_FRAMEWORK_HEADER = YES;
				CLANG_WARN_RANGE_LOOP_ANALYSIS = YES;
				CLANG_WARN_STRICT_PROTOTYPES = YES;
				CLANG_WARN_SUSPICIOUS_MOVE = YES;
				CLANG_WARN_UNGUARDED_AVAILABILITY = YES_AGGRESSIVE;
				CLANG_WARN_UNREACHABLE_CODE = YES;
				CLANG_WARN__DUPLICATE_METHOD_MATCH = YES;
				COPY_PHASE_STRIP = NO;
				DEBUG_INFORMATION_FORMAT = "dwarf-with-dsym";
				ENABLE_NS_ASSERTIONS = NO;
				ENABLE_STRICT_OBJC_MSGSEND = YES;
				ENABLE_USER_SCRIPT_SANDBOXING = YES;
				GCC_C_LANGUAGE_STANDARD = gnu17;
				GCC_NO_COMMON_BLOCKS = YES;
				GCC_WARN_64_TO_32_BIT_CONVERSION = YES;
				GCC_WARN_ABOUT_RETURN_TYPE = YES_ERROR;
				GCC_WARN_UNDECLARED_SELECTOR = YES;
				GCC_WARN_UNINITIALIZED_AUTOS = YES_AGGRESSIVE;
				GCC_WARN_UNUSED_FUNCTION = YES;
				GCC_WARN_UNUSED_VARIABLE = YES;
				IPHONEOS_DEPLOYMENT_TARGET = 17.5;
				LOCALIZATION_PREFERS_STRING_CATALOGS = YES;
				MTL_ENABLE_DEBUG_INFO = NO;
				MTL_FAST_MATH = YES;
				SDKROOT = iphoneos;
				SWIFT_COMPILATION_MODE = wholemodule;
				VALIDATE_PRODUCT = YES;
			};
			name = Release;
		};
		50BB7C1A2C70D03D002FC184 /* Debug */ = {
			isa = XCBuildConfiguration;
			buildSettings = {
				ASSETCATALOG_COMPILER_APPICON_NAME = AppIcon;
				ASSETCATALOG_COMPILER_GLOBAL_ACCENT_COLOR_NAME = AccentColor;
				CODE_SIGN_STYLE = Automatic;
				CURRENT_PROJECT_VERSION = 1;
				DEVELOPMENT_TEAM = VFG48XB875;
				GENERATE_INFOPLIST_FILE = YES;
				INFOPLIST_FILE = MVVM/Info.plist;
				INFOPLIST_KEY_UIApplicationSupportsIndirectInputEvents = YES;
				INFOPLIST_KEY_UILaunchStoryboardName = LaunchScreen;
				INFOPLIST_KEY_UIMainStoryboardFile = Main;
				INFOPLIST_KEY_UISupportedInterfaceOrientations_iPad = "UIInterfaceOrientationPortrait UIInterfaceOrientationPortraitUpsideDown UIInterfaceOrientationLandscapeLeft UIInterfaceOrientationLandscapeRight";
				INFOPLIST_KEY_UISupportedInterfaceOrientations_iPhone = "UIInterfaceOrientationPortrait UIInterfaceOrientationLandscapeLeft UIInterfaceOrientationLandscapeRight";
				LD_RUNPATH_SEARCH_PATHS = (
					"$(inherited)",
					"@executable_path/Frameworks",
				);
				MARKETING_VERSION = 1.0;
				PRODUCT_BUNDLE_IDENTIFIER = com.digtaldone4u.MVVM;
				PRODUCT_NAME = "$(TARGET_NAME)";
				SWIFT_EMIT_LOC_STRINGS = YES;
				SWIFT_VERSION = 5.0;
				TARGETED_DEVICE_FAMILY = "1,2";
			};
			name = Debug;
		};
		50BB7C1B2C70D03D002FC184 /* Release */ = {
			isa = XCBuildConfiguration;
			buildSettings = {
				ASSETCATALOG_COMPILER_APPICON_NAME = AppIcon;
				ASSETCATALOG_COMPILER_GLOBAL_ACCENT_COLOR_NAME = AccentColor;
				CODE_SIGN_STYLE = Automatic;
				CURRENT_PROJECT_VERSION = 1;
				DEVELOPMENT_TEAM = VFG48XB875;
				GENERATE_INFOPLIST_FILE = YES;
				INFOPLIST_FILE = MVVM/Info.plist;
				INFOPLIST_KEY_UIApplicationSupportsIndirectInputEvents = YES;
				INFOPLIST_KEY_UILaunchStoryboardName = LaunchScreen;
				INFOPLIST_KEY_UIMainStoryboardFile = Main;
				INFOPLIST_KEY_UISupportedInterfaceOrientations_iPad = "UIInterfaceOrientationPortrait UIInterfaceOrientationPortraitUpsideDown UIInterfaceOrientationLandscapeLeft UIInterfaceOrientationLandscapeRight";
				INFOPLIST_KEY_UISupportedInterfaceOrientations_iPhone = "UIInterfaceOrientationPortrait UIInterfaceOrientationLandscapeLeft UIInterfaceOrientationLandscapeRight";
				LD_RUNPATH_SEARCH_PATHS = (
					"$(inherited)",
					"@executable_path/Frameworks",
				);
				MARKETING_VERSION = 1.0;
				PRODUCT_BUNDLE_IDENTIFIER = com.digtaldone4u.MVVM;
				PRODUCT_NAME = "$(TARGET_NAME)";
				SWIFT_EMIT_LOC_STRINGS = YES;
				SWIFT_VERSION = 5.0;
				TARGETED_DEVICE_FAMILY = "1,2";
			};
			name = Release;
		};
		50BB7C1D2C70D03D002FC184 /* Debug */ = {
			isa = XCBuildConfiguration;
			buildSettings = {
				ALWAYS_EMBED_SWIFT_STANDARD_LIBRARIES = YES;
				BUNDLE_LOADER = "$(TEST_HOST)";
				CODE_SIGN_STYLE = Automatic;
				CURRENT_PROJECT_VERSION = 1;
				DEVELOPMENT_TEAM = VFG48XB875;
				GENERATE_INFOPLIST_FILE = YES;
				IPHONEOS_DEPLOYMENT_TARGET = 17.5;
				MARKETING_VERSION = 1.0;
				PRODUCT_BUNDLE_IDENTIFIER = com.digtaldone4u.MVVMTests;
				PRODUCT_NAME = "$(TARGET_NAME)";
				SWIFT_EMIT_LOC_STRINGS = NO;
				SWIFT_VERSION = 5.0;
				TARGETED_DEVICE_FAMILY = "1,2";
				TEST_HOST = "$(BUILT_PRODUCTS_DIR)/MVVM.app/$(BUNDLE_EXECUTABLE_FOLDER_PATH)/MVVM";
			};
			name = Debug;
		};
		50BB7C1E2C70D03D002FC184 /* Release */ = {
			isa = XCBuildConfiguration;
			buildSettings = {
				ALWAYS_EMBED_SWIFT_STANDARD_LIBRARIES = YES;
				BUNDLE_LOADER = "$(TEST_HOST)";
				CODE_SIGN_STYLE = Automatic;
				CURRENT_PROJECT_VERSION = 1;
				DEVELOPMENT_TEAM = VFG48XB875;
				GENERATE_INFOPLIST_FILE = YES;
				IPHONEOS_DEPLOYMENT_TARGET = 17.5;
				MARKETING_VERSION = 1.0;
				PRODUCT_BUNDLE_IDENTIFIER = com.digtaldone4u.MVVMTests;
				PRODUCT_NAME = "$(TARGET_NAME)";
				SWIFT_EMIT_LOC_STRINGS = NO;
				SWIFT_VERSION = 5.0;
				TARGETED_DEVICE_FAMILY = "1,2";
				TEST_HOST = "$(BUILT_PRODUCTS_DIR)/MVVM.app/$(BUNDLE_EXECUTABLE_FOLDER_PATH)/MVVM";
			};
			name = Release;
		};
		50BB7C202C70D03D002FC184 /* Debug */ = {
			isa = XCBuildConfiguration;
			buildSettings = {
				ALWAYS_EMBED_SWIFT_STANDARD_LIBRARIES = YES;
				CODE_SIGN_STYLE = Automatic;
				CURRENT_PROJECT_VERSION = 1;
				DEVELOPMENT_TEAM = VFG48XB875;
				GENERATE_INFOPLIST_FILE = YES;
				MARKETING_VERSION = 1.0;
				PRODUCT_BUNDLE_IDENTIFIER = com.digtaldone4u.MVVMUITests;
				PRODUCT_NAME = "$(TARGET_NAME)";
				SWIFT_EMIT_LOC_STRINGS = NO;
				SWIFT_VERSION = 5.0;
				TARGETED_DEVICE_FAMILY = "1,2";
				TEST_TARGET_NAME = MVVM;
			};
			name = Debug;
		};
		50BB7C212C70D03D002FC184 /* Release */ = {
			isa = XCBuildConfiguration;
			buildSettings = {
				ALWAYS_EMBED_SWIFT_STANDARD_LIBRARIES = YES;
				CODE_SIGN_STYLE = Automatic;
				CURRENT_PROJECT_VERSION = 1;
				DEVELOPMENT_TEAM = VFG48XB875;
				GENERATE_INFOPLIST_FILE = YES;
				MARKETING_VERSION = 1.0;
				PRODUCT_BUNDLE_IDENTIFIER = com.digtaldone4u.MVVMUITests;
				PRODUCT_NAME = "$(TARGET_NAME)";
				SWIFT_EMIT_LOC_STRINGS = NO;
				SWIFT_VERSION = 5.0;
				TARGETED_DEVICE_FAMILY = "1,2";
				TEST_TARGET_NAME = MVVM;
			};
			name = Release;
		};
/* End XCBuildConfiguration section */

/* Begin XCConfigurationList section */
		50BB7BE72C70D03C002FC184 /* Build configuration list for PBXProject "MVVM" */ = {
			isa = XCConfigurationList;
			buildConfigurations = (
				50BB7C172C70D03D002FC184 /* Debug */,
				50BB7C182C70D03D002FC184 /* Release */,
			);
			defaultConfigurationIsVisible = 0;
			defaultConfigurationName = Release;
		};
		50BB7C192C70D03D002FC184 /* Build configuration list for PBXNativeTarget "MVVM" */ = {
			isa = XCConfigurationList;
			buildConfigurations = (
				50BB7C1A2C70D03D002FC184 /* Debug */,
				50BB7C1B2C70D03D002FC184 /* Release */,
			);
			defaultConfigurationIsVisible = 0;
			defaultConfigurationName = Release;
		};
		50BB7C1C2C70D03D002FC184 /* Build configuration list for PBXNativeTarget "MVVMTests" */ = {
			isa = XCConfigurationList;
			buildConfigurations = (
				50BB7C1D2C70D03D002FC184 /* Debug */,
				50BB7C1E2C70D03D002FC184 /* Release */,
			);
			defaultConfigurationIsVisible = 0;
			defaultConfigurationName = Release;
		};
		50BB7C1F2C70D03D002FC184 /* Build configuration list for PBXNativeTarget "MVVMUITests" */ = {
			isa = XCConfigurationList;
			buildConfigurations = (
				50BB7C202C70D03D002FC184 /* Debug */,
				50BB7C212C70D03D002FC184 /* Release */,
			);
			defaultConfigurationIsVisible = 0;
			defaultConfigurationName = Release;
		};
/* End XCConfigurationList section */

/* Begin XCVersionGroup section */
		50BB7BF82C70D03C002FC184 /* MVVM.xcdatamodeld */ = {
			isa = XCVersionGroup;
			children = (
				50BB7BF92C70D03C002FC184 /* MVVM.xcdatamodel */,
			);
			currentVersion = 50BB7BF92C70D03C002FC184 /* MVVM.xcdatamodel */;
			path = MVVM.xcdatamodeld;
			sourceTree = "<group>";
			versionGroupType = wrapper.xcdatamodel;
		};
/* End XCVersionGroup section */
	};
	rootObject = 50BB7BE42C70D03C002FC184 /* Project object */;
}
